schema: '2.0'
stages:
  datapreprocessing:
    cmd: /Users/kasyap/anaconda3/bin/python  src/dataprocessing.py
    deps:
    - path: data/wine-quality.csv
      md5: fcb09923da523f6909210c354ae4296f
      size: 209410
    - path: src/dataprocessing.py
      md5: 3ea6b40663849a4c8c33c206638ecebc
      size: 890
    params:
      params.yaml:
        parameters.path: data/wine-quality.csv
        parameters.repo: https://github.com/kasyap324/CI_DVC_MLFlow_CML.git
        parameters.version: main
    outs:
    - path: data1/prepared
      md5: 1b10fadec2d67cfa6804b0402be8fdf7.dir
      size: 289477
      nfiles: 4
  trainevaluate:
    cmd: /Users/kasyap/anaconda3/bin/python  src/trainevaluate.py
    deps:
    - path: data1/prepared
      md5: 1b10fadec2d67cfa6804b0402be8fdf7.dir
      size: 289477
      nfiles: 4
    - path: src/trainevaluate.py
      md5: 95f90c295a151a3e4be0a0c1a089889f
      size: 1896
    params:
      params.yaml:
        parameters.alpha: 0.5
        parameters.l1_ratio: 0.5
        parameters.path: data/wine-quality.csv
        parameters.repo: https://github.com/kasyap324/CI_DVC_MLFlow_CML.git
        parameters.version: main
